<?xml version="1.0" encoding="utf-8"?>
<Project ToolsVersion="4.0" xmlns="http://schemas.microsoft.com/developer/msbuild/2003">
  <ItemGroup>
    <Filter Include="01_MainGame">
      <UniqueIdentifier>{17b0fc8c-40c6-4415-b1ce-229eddb5585d}</UniqueIdentifier>
    </Filter>
    <Filter Include="00_ShootingGame">
      <UniqueIdentifier>{294489c2-f8c9-4998-ba8b-1463478f0c08}</UniqueIdentifier>
    </Filter>
    <Filter Include="99_Defalut">
      <UniqueIdentifier>{92a817aa-b5c5-4f48-8aa4-34b3139f38a0}</UniqueIdentifier>
    </Filter>
    <Filter Include="98_Headers">
      <UniqueIdentifier>{f5913825-f151-47cb-bdbe-c24a487abf26}</UniqueIdentifier>
    </Filter>
    <Filter Include="10_GameObejcts">
      <UniqueIdentifier>{c7a9bc67-ab9a-43f5-949c-94af5de9171d}</UniqueIdentifier>
    </Filter>
    <Filter Include="10_GameObejcts\01.Player">
      <UniqueIdentifier>{08f921d5-60c1-476a-942d-ac4e8591d02e}</UniqueIdentifier>
    </Filter>
    <Filter Include="10_GameObejcts\02.Bluck">
      <UniqueIdentifier>{5376f193-8014-48b2-9f16-7039831c0ab6}</UniqueIdentifier>
    </Filter>
  </ItemGroup>
  <ItemGroup>
    <ClInclude Include="Resource.h">
      <Filter>99_Defalut</Filter>
    </ClInclude>
    <ClInclude Include="targetver.h">
      <Filter>99_Defalut</Filter>
    </ClInclude>
    <ClInclude Include="Shooting.h">
      <Filter>00_ShootingGame</Filter>
    </ClInclude>
    <ClInclude Include="stdafx.h">
      <Filter>98_Headers</Filter>
    </ClInclude>
    <ClInclude Include="Struct.h">
      <Filter>98_Headers</Filter>
    </ClInclude>
    <ClInclude Include="Define.h">
      <Filter>98_Headers</Filter>
    </ClInclude>
    <ClInclude Include="Extern.h">
      <Filter>98_Headers</Filter>
    </ClInclude>
    <ClInclude Include="GameObject.h">
      <Filter>10_GameObejcts</Filter>
    </ClInclude>
  </ItemGroup>
  <ItemGroup>
    <ClCompile Include="stdafx.cpp">
      <Filter>99_Defalut</Filter>
    </ClCompile>
    <ClCompile Include="Shooting.cpp">
      <Filter>00_ShootingGame</Filter>
    </ClCompile>
    <ClCompile Include="GameObject.cpp">
      <Filter>10_GameObejcts</Filter>
    </ClCompile>
  </ItemGroup>
  <ItemGroup>
    <Image Include="Shooting.ico">
      <Filter>99_Defalut</Filter>
    </Image>
    <Image Include="small.ico">
      <Filter>99_Defalut</Filter>
    </Image>
  </ItemGroup>
  <ItemGroup>
    <ResourceCompile Include="Shooting.rc">
      <Filter>99_Defalut</Filter>
    </ResourceCompile>
  </ItemGroup>
  <ItemGroup>
    <Text Include="ReadMe.txt">
      <Filter>99_Defalut</Filter>
    </Text>
  </ItemGroup>
</Project>